{
  "version": 4,
  "terraform_version": "1.7.5",
  "serial": 6,
  "lineage": "44c4d9d5-0e2b-2cc7-358e-5a6a6305cb11",
  "outputs": {},
  "resources": [
    {
      "mode": "managed",
      "type": "azurerm_app_service_plan",
      "name": "example",
      "provider": "provider[\"registry.terraform.io/hashicorp/azurerm\"]",
      "instances": [
        {
          "schema_version": 1,
          "attributes": {
            "app_service_environment_id": "",
            "id": "/subscriptions/8dcc0435-9f67-4310-9ca8-3cdc5fe6a09c/resourceGroups/cloud-shell-storage-eastus/providers/Microsoft.Web/serverFarms/example-appserviceplan",
            "is_xenon": false,
            "kind": "functionapp",
            "location": "eastus",
            "maximum_elastic_worker_count": 1,
            "maximum_number_of_workers": 0,
            "name": "example-appserviceplan",
            "per_site_scaling": false,
            "reserved": true,
            "resource_group_name": "cloud-shell-storage-eastus",
            "sku": [
              {
                "capacity": 0,
                "size": "Y1",
                "tier": "Dynamic"
              }
            ],
            "tags": {},
            "timeouts": null,
            "zone_redundant": false
          },
          "sensitive_attributes": [],
          "private": "eyJlMmJmYjczMC1lY2FhLTExZTYtOGY4OC0zNDM2M2JjN2M0YzAiOnsiY3JlYXRlIjozNjAwMDAwMDAwMDAwLCJkZWxldGUiOjM2MDAwMDAwMDAwMDAsInJlYWQiOjMwMDAwMDAwMDAwMCwidXBkYXRlIjozNjAwMDAwMDAwMDAwfSwic2NoZW1hX3ZlcnNpb24iOiIxIn0="
        }
      ]
    }
  ],
  "check_results": null
}
